
Microsoft Visual Studio Solution File, Format Version 12.00
# Visual Studio Version 16
VisualStudioVersion = 16.0.29920.165
MinimumVisualStudioVersion = 10.0.40219.1
Project("{FAE04EC0-301F-11D3-BF4B-00C04F79EFBC}") = "RedisPubSub", "RedisPubSub\RedisPubSub.csproj", "{E007D313-D1FA-46D0-865E-CACD8A2B9D51}"
EndProject
Project("{FAE04EC0-301F-11D3-BF4B-00C04F79EFBC}") = "RedisPubSubActivity", "RedisPubSubActivity\RedisPubSubActivity.csproj", "{AFA5C0F3-7A09-4908-A3C5-E86E86E7B709}"
EndProject
Project("{FAE04EC0-301F-11D3-BF4B-00C04F79EFBC}") = "RedisPubSubSms", "RedisPubSubSms\RedisPubSubSms.csproj", "{C413F9C6-E5CD-4F9C-91ED-ED210FA20884}"
EndProject
Project("{FAE04EC0-301F-11D3-BF4B-00C04F79EFBC}") = "RedisPubSubTeam", "RedisPubSubTeam\RedisPubSubTeam.csproj", "{8C749E3F-B368-4AE0-8CA4-0412CFDBA3BD}"
EndProject
Project("{FAE04EC0-301F-11D3-BF4B-00C04F79EFBC}") = "RedisPubSubUser", "RedisPubSubUser\RedisPubSubUser.csproj", "{04E2C7D6-F231-4916-B0DC-A239043547C2}"
EndProject
Project("{FAE04EC0-301F-11D3-BF4B-00C04F79EFBC}") = "RedisLock", "RedisLock\RedisLock.csproj", "{0C3EB28B-4B03-4C1C-A08C-4B469964578F}"
EndProject
Project("{FAE04EC0-301F-11D3-BF4B-00C04F79EFBC}") = "RedisLock2", "RedisLock2\RedisLock2.csproj", "{B0F1AB6C-8E1B-4D40-AE4F-271F991BB126}"
EndProject
Global
	GlobalSection(SolutionConfigurationPlatforms) = preSolution
		Debug|Any CPU = Debug|Any CPU
		Release|Any CPU = Release|Any CPU
	EndGlobalSection
	GlobalSection(ProjectConfigurationPlatforms) = postSolution
		{E007D313-D1FA-46D0-865E-CACD8A2B9D51}.Debug|Any CPU.ActiveCfg = Debug|Any CPU
		{E007D313-D1FA-46D0-865E-CACD8A2B9D51}.Debug|Any CPU.Build.0 = Debug|Any CPU
		{E007D313-D1FA-46D0-865E-CACD8A2B9D51}.Release|Any CPU.ActiveCfg = Release|Any CPU
		{E007D313-D1FA-46D0-865E-CACD8A2B9D51}.Release|Any CPU.Build.0 = Release|Any CPU
		{AFA5C0F3-7A09-4908-A3C5-E86E86E7B709}.Debug|Any CPU.ActiveCfg = Debug|Any CPU
		{AFA5C0F3-7A09-4908-A3C5-E86E86E7B709}.Debug|Any CPU.Build.0 = Debug|Any CPU
		{AFA5C0F3-7A09-4908-A3C5-E86E86E7B709}.Release|Any CPU.ActiveCfg = Release|Any CPU
		{AFA5C0F3-7A09-4908-A3C5-E86E86E7B709}.Release|Any CPU.Build.0 = Release|Any CPU
		{C413F9C6-E5CD-4F9C-91ED-ED210FA20884}.Debug|Any CPU.ActiveCfg = Debug|Any CPU
		{C413F9C6-E5CD-4F9C-91ED-ED210FA20884}.Debug|Any CPU.Build.0 = Debug|Any CPU
		{C413F9C6-E5CD-4F9C-91ED-ED210FA20884}.Release|Any CPU.ActiveCfg = Release|Any CPU
		{C413F9C6-E5CD-4F9C-91ED-ED210FA20884}.Release|Any CPU.Build.0 = Release|Any CPU
		{8C749E3F-B368-4AE0-8CA4-0412CFDBA3BD}.Debug|Any CPU.ActiveCfg = Debug|Any CPU
		{8C749E3F-B368-4AE0-8CA4-0412CFDBA3BD}.Debug|Any CPU.Build.0 = Debug|Any CPU
		{8C749E3F-B368-4AE0-8CA4-0412CFDBA3BD}.Release|Any CPU.ActiveCfg = Release|Any CPU
		{8C749E3F-B368-4AE0-8CA4-0412CFDBA3BD}.Release|Any CPU.Build.0 = Release|Any CPU
		{04E2C7D6-F231-4916-B0DC-A239043547C2}.Debug|Any CPU.ActiveCfg = Debug|Any CPU
		{04E2C7D6-F231-4916-B0DC-A239043547C2}.Debug|Any CPU.Build.0 = Debug|Any CPU
		{04E2C7D6-F231-4916-B0DC-A239043547C2}.Release|Any CPU.ActiveCfg = Release|Any CPU
		{04E2C7D6-F231-4916-B0DC-A239043547C2}.Release|Any CPU.Build.0 = Release|Any CPU
		{0C3EB28B-4B03-4C1C-A08C-4B469964578F}.Debug|Any CPU.ActiveCfg = Debug|Any CPU
		{0C3EB28B-4B03-4C1C-A08C-4B469964578F}.Debug|Any CPU.Build.0 = Debug|Any CPU
		{0C3EB28B-4B03-4C1C-A08C-4B469964578F}.Release|Any CPU.ActiveCfg = Release|Any CPU
		{0C3EB28B-4B03-4C1C-A08C-4B469964578F}.Release|Any CPU.Build.0 = Release|Any CPU
		{B0F1AB6C-8E1B-4D40-AE4F-271F991BB126}.Debug|Any CPU.ActiveCfg = Debug|Any CPU
		{B0F1AB6C-8E1B-4D40-AE4F-271F991BB126}.Debug|Any CPU.Build.0 = Debug|Any CPU
		{B0F1AB6C-8E1B-4D40-AE4F-271F991BB126}.Release|Any CPU.ActiveCfg = Release|Any CPU
		{B0F1AB6C-8E1B-4D40-AE4F-271F991BB126}.Release|Any CPU.Build.0 = Release|Any CPU
	EndGlobalSection
	GlobalSection(SolutionProperties) = preSolution
		HideSolutionNode = FALSE
	EndGlobalSection
	GlobalSection(ExtensibilityGlobals) = postSolution
		SolutionGuid = {C9BB6D99-7E6C-4C33-AAC3-C8298914B346}
	EndGlobalSection
EndGlobal
